
Microsoft Visual Studio Solution File, Format Version 12.00
Project("{FAE04EC0-301F-11D3-BF4B-00C04F79EFBC}") = "NHT", "NHT\NHT.csproj", "{E081A213-732F-45A6-BEDC-AF424ED10818}"
EndProject
Global
	GlobalSection(SolutionConfigurationPlatforms) = preSolution
		Debug|Any CPU = Debug|Any CPU
		Release|Any CPU = Release|Any CPU
	EndGlobalSection
	GlobalSection(ProjectConfigurationPlatforms) = postSolution
		{E081A213-732F-45A6-BEDC-AF424ED10818}.Debug|Any CPU.ActiveCfg = Debug|Any CPU
		{E081A213-732F-45A6-BEDC-AF424ED10818}.Debug|Any CPU.Build.0 = Debug|Any CPU
		{E081A213-732F-45A6-BEDC-AF424ED10818}.Release|Any CPU.ActiveCfg = Release|Any CPU
		{E081A213-732F-45A6-BEDC-AF424ED10818}.Release|Any CPU.Build.0 = Release|Any CPU
	EndGlobalSection
EndGlobal
